
Microsoft Visual Studio Solution File, Format Version 12.00
# Visual Studio 15
VisualStudioVersion = 15.0.28307.106
MinimumVisualStudioVersion = 10.0.40219.1
Project("{FAE04EC0-301F-11D3-BF4B-00C04F79EFBC}") = "BootStrap", "BootStrap\BootStrap.csproj", "{CC175C83-8F1D-4585-9EAC-C6D30DBF8238}"
EndProject
Global
	GlobalSection(SolutionConfigurationPlatforms) = preSolution
		Debug|Any CPU = Debug|Any CPU
		Release|Any CPU = Release|Any CPU
	EndGlobalSection
	GlobalSection(ProjectConfigurationPlatforms) = postSolution
		{CC175C83-8F1D-4585-9EAC-C6D30DBF8238}.Debug|Any CPU.ActiveCfg = Debug|Any CPU
		{CC175C83-8F1D-4585-9EAC-C6D30DBF8238}.Debug|Any CPU.Build.0 = Debug|Any CPU
		{CC175C83-8F1D-4585-9EAC-C6D30DBF8238}.Release|Any CPU.ActiveCfg = Release|Any CPU
		{CC175C83-8F1D-4585-9EAC-C6D30DBF8238}.Release|Any CPU.Build.0 = Release|Any CPU
	EndGlobalSection
	GlobalSection(SolutionProperties) = preSolution
		HideSolutionNode = FALSE
	EndGlobalSection
	GlobalSection(ExtensibilityGlobals) = postSolution
		SolutionGuid = {714DAF90-F8E2-4FE4-9CC7-DC3EC2571B84}
	EndGlobalSection
EndGlobal
